
Microsoft Visual Studio Solution File, Format Version 12.00
# Visual Studio 14
VisualStudioVersion = 14.0.23107.0
MinimumVisualStudioVersion = 10.0.40219.1
Project("{FAE04EC0-301F-11D3-BF4B-00C04F79EFBC}") = "ImageGallery", "ImageGallery\ImageGallery.csproj", "{CCDD6837-9840-49D9-9DDF-888E06DEAF3F}"
EndProject
Project("{FAE04EC0-301F-11D3-BF4B-00C04F79EFBC}") = "ImageGallery.Data", "ImageGallery.Data\ImageGallery.Data.csproj", "{C00EA59F-5223-4368-974D-5713B4D2CFEE}"
EndProject
Project("{FAE04EC0-301F-11D3-BF4B-00C04F79EFBC}") = "ImageGallery.Data.Common", "ImageGallery.Data.Common\ImageGallery.Data.Common.csproj", "{D1CF6EE0-243C-4784-BD6C-C1FB725252C6}"
EndProject
Project("{FAE04EC0-301F-11D3-BF4B-00C04F79EFBC}") = "ImageGallery.Data.Models", "ImageGallery.Data.Models\ImageGallery.Data.Models.csproj", "{CBE25F77-FF79-4DBD-8520-0AF7BAFE21FD}"
EndProject
Global
	GlobalSection(SolutionConfigurationPlatforms) = preSolution
		Debug|Any CPU = Debug|Any CPU
		Release|Any CPU = Release|Any CPU
	EndGlobalSection
	GlobalSection(ProjectConfigurationPlatforms) = postSolution
		{CCDD6837-9840-49D9-9DDF-888E06DEAF3F}.Debug|Any CPU.ActiveCfg = Debug|Any CPU
		{CCDD6837-9840-49D9-9DDF-888E06DEAF3F}.Debug|Any CPU.Build.0 = Debug|Any CPU
		{CCDD6837-9840-49D9-9DDF-888E06DEAF3F}.Release|Any CPU.ActiveCfg = Release|Any CPU
		{CCDD6837-9840-49D9-9DDF-888E06DEAF3F}.Release|Any CPU.Build.0 = Release|Any CPU
		{C00EA59F-5223-4368-974D-5713B4D2CFEE}.Debug|Any CPU.ActiveCfg = Debug|Any CPU
		{C00EA59F-5223-4368-974D-5713B4D2CFEE}.Debug|Any CPU.Build.0 = Debug|Any CPU
		{C00EA59F-5223-4368-974D-5713B4D2CFEE}.Release|Any CPU.ActiveCfg = Release|Any CPU
		{C00EA59F-5223-4368-974D-5713B4D2CFEE}.Release|Any CPU.Build.0 = Release|Any CPU
		{D1CF6EE0-243C-4784-BD6C-C1FB725252C6}.Debug|Any CPU.ActiveCfg = Debug|Any CPU
		{D1CF6EE0-243C-4784-BD6C-C1FB725252C6}.Debug|Any CPU.Build.0 = Debug|Any CPU
		{D1CF6EE0-243C-4784-BD6C-C1FB725252C6}.Release|Any CPU.ActiveCfg = Release|Any CPU
		{D1CF6EE0-243C-4784-BD6C-C1FB725252C6}.Release|Any CPU.Build.0 = Release|Any CPU
		{CBE25F77-FF79-4DBD-8520-0AF7BAFE21FD}.Debug|Any CPU.ActiveCfg = Debug|Any CPU
		{CBE25F77-FF79-4DBD-8520-0AF7BAFE21FD}.Debug|Any CPU.Build.0 = Debug|Any CPU
		{CBE25F77-FF79-4DBD-8520-0AF7BAFE21FD}.Release|Any CPU.ActiveCfg = Release|Any CPU
		{CBE25F77-FF79-4DBD-8520-0AF7BAFE21FD}.Release|Any CPU.Build.0 = Release|Any CPU
	EndGlobalSection
	GlobalSection(SolutionProperties) = preSolution
		HideSolutionNode = FALSE
	EndGlobalSection
EndGlobal
